
Microsoft Visual Studio Solution File, Format Version 12.00
# Visual Studio Version 16
VisualStudioVersion = 16.0.31105.61
MinimumVisualStudioVersion = 10.0.40219.1
Project("{FAE04EC0-301F-11D3-BF4B-00C04F79EFBC}") = "SampleConsole", "SampleConsole\SampleConsole.csproj", "{10690D49-54E9-4794-A394-7A4A5B8FEAF0}"
EndProject
Global
	GlobalSection(SolutionConfigurationPlatforms) = preSolution
		Debug|Any CPU = Debug|Any CPU
		Release|Any CPU = Release|Any CPU
	EndGlobalSection
	GlobalSection(ProjectConfigurationPlatforms) = postSolution
		{10690D49-54E9-4794-A394-7A4A5B8FEAF0}.Debug|Any CPU.ActiveCfg = Debug|Any CPU
		{10690D49-54E9-4794-A394-7A4A5B8FEAF0}.Debug|Any CPU.Build.0 = Debug|Any CPU
		{10690D49-54E9-4794-A394-7A4A5B8FEAF0}.Release|Any CPU.ActiveCfg = Release|Any CPU
		{10690D49-54E9-4794-A394-7A4A5B8FEAF0}.Release|Any CPU.Build.0 = Release|Any CPU
	EndGlobalSection
	GlobalSection(SolutionProperties) = preSolution
		HideSolutionNode = FALSE
	EndGlobalSection
	GlobalSection(ExtensibilityGlobals) = postSolution
		SolutionGuid = {612D82EA-28C8-42FD-825D-18150891AAB3}
	EndGlobalSection
EndGlobal
